
Microsoft Visual Studio Solution File, Format Version 12.00
# Visual Studio 15
VisualStudioVersion = 15.0.28010.2019
MinimumVisualStudioVersion = 10.0.40219.1
Project("{FAE04EC0-301F-11D3-BF4B-00C04F79EFBC}") = "DataStructures", "DataStructures\DataStructures.csproj", "{C8ACD0B6-965E-4149-BC58-01E620A82855}"
EndProject
Project("{FAE04EC0-301F-11D3-BF4B-00C04F79EFBC}") = "DataStructuresTest", "DataStructuresTest\DataStructuresTest.csproj", "{69F332D6-2D38-48EE-85E1-4D7F5439853E}"
EndProject
Project("{FAE04EC0-301F-11D3-BF4B-00C04F79EFBC}") = "DataStructuresConsole", "DataStructuresConsole\DataStructuresConsole.csproj", "{F217C8DC-2737-4741-A91D-A4A9C0562C4C}"
EndProject
Global
	GlobalSection(SolutionConfigurationPlatforms) = preSolution
		Debug|Any CPU = Debug|Any CPU
		Release|Any CPU = Release|Any CPU
	EndGlobalSection
	GlobalSection(ProjectConfigurationPlatforms) = postSolution
		{C8ACD0B6-965E-4149-BC58-01E620A82855}.Debug|Any CPU.ActiveCfg = Debug|Any CPU
		{C8ACD0B6-965E-4149-BC58-01E620A82855}.Debug|Any CPU.Build.0 = Debug|Any CPU
		{C8ACD0B6-965E-4149-BC58-01E620A82855}.Release|Any CPU.ActiveCfg = Release|Any CPU
		{C8ACD0B6-965E-4149-BC58-01E620A82855}.Release|Any CPU.Build.0 = Release|Any CPU
		{69F332D6-2D38-48EE-85E1-4D7F5439853E}.Debug|Any CPU.ActiveCfg = Debug|Any CPU
		{69F332D6-2D38-48EE-85E1-4D7F5439853E}.Debug|Any CPU.Build.0 = Debug|Any CPU
		{69F332D6-2D38-48EE-85E1-4D7F5439853E}.Release|Any CPU.ActiveCfg = Release|Any CPU
		{69F332D6-2D38-48EE-85E1-4D7F5439853E}.Release|Any CPU.Build.0 = Release|Any CPU
		{F217C8DC-2737-4741-A91D-A4A9C0562C4C}.Debug|Any CPU.ActiveCfg = Debug|Any CPU
		{F217C8DC-2737-4741-A91D-A4A9C0562C4C}.Debug|Any CPU.Build.0 = Debug|Any CPU
		{F217C8DC-2737-4741-A91D-A4A9C0562C4C}.Release|Any CPU.ActiveCfg = Release|Any CPU
		{F217C8DC-2737-4741-A91D-A4A9C0562C4C}.Release|Any CPU.Build.0 = Release|Any CPU
	EndGlobalSection
	GlobalSection(SolutionProperties) = preSolution
		HideSolutionNode = FALSE
	EndGlobalSection
	GlobalSection(ExtensibilityGlobals) = postSolution
		SolutionGuid = {36760248-F67F-4F2F-97FF-5CE19DF660FD}
	EndGlobalSection
EndGlobal
